{
  "name": "lamportlens-verifier",
  "version": "0.1.0",
  "lockfileVersion": 3,
  "requires": true,
  "packages": {
    "": {
      "name": "lamportlens-verifier",
      "version": "0.1.0",
      "devDependencies": {
        "@types/node": "20.16.1",
        "typescript": "5.6.3"
      }
    },
    "node_modules/@types/node": {
      "version": "20.16.1",
      "resolved": "https://registry.npmjs.org/@types/node/-/node-20.16.1.tgz",
      "integrity": "sha512-zJDo7wEadFtSyNz5QITDfRcrhqDvQI1xQNQ0VoizPjM/dVAODqqIUWbJPkvsxmTI0MYRGRikcdjMPhOssnPejQ==",
      "dev": true,
      "license": "MIT",
      "dependencies": {
        "undici-types": "~6.19.2"
      }
    },
    "node_modules/typescript": {
      "version": "5.6.3",
